
Microsoft Visual Studio Solution File, Format Version 12.00
# Visual Studio 15
VisualStudioVersion = 15.0.28307.168
MinimumVisualStudioVersion = 10.0.40219.1
Project("{FAE04EC0-301F-11D3-BF4B-00C04F79EFBC}") = "PiggyBotXamarin.Android", "PiggyBotXamarin\PiggyBotXamarin.Android\PiggyBotXamarin.Android.csproj", "{2EA1CD96-D175-4EC7-A72B-C324468082D9}"
EndProject
Project("{FAE04EC0-301F-11D3-BF4B-00C04F79EFBC}") = "PiggyBotXamarin.iOS", "PiggyBotXamarin\PiggyBotXamarin.iOS\PiggyBotXamarin.iOS.csproj", "{0D2C6401-5615-4938-8DFA-666B06625B13}"
EndProject
Project("{FAE04EC0-301F-11D3-BF4B-00C04F79EFBC}") = "PiggyBotXamarin.UWP", "PiggyBotXamarin\PiggyBotXamarin.UWP\PiggyBotXamarin.UWP.csproj", "{59ACD878-5A51-4947-A0BB-77C9E5083DC0}"
EndProject
Project("{FAE04EC0-301F-11D3-BF4B-00C04F79EFBC}") = "PiggyBotXamarin", "PiggyBotXamarin\PiggyBotXamarin\PiggyBotXamarin.csproj", "{9BA807F1-FFE4-478E-B64D-7DFADB729D1C}"
EndProject
Global
	GlobalSection(SolutionConfigurationPlatforms) = preSolution
		Ad-Hoc|Any CPU = Ad-Hoc|Any CPU
		Ad-Hoc|ARM = Ad-Hoc|ARM
		Ad-Hoc|iPhone = Ad-Hoc|iPhone
		Ad-Hoc|iPhoneSimulator = Ad-Hoc|iPhoneSimulator
		Ad-Hoc|x64 = Ad-Hoc|x64
		Ad-Hoc|x86 = Ad-Hoc|x86
		AppStore|Any CPU = AppStore|Any CPU
		AppStore|ARM = AppStore|ARM
		AppStore|iPhone = AppStore|iPhone
		AppStore|iPhoneSimulator = AppStore|iPhoneSimulator
		AppStore|x64 = AppStore|x64
		AppStore|x86 = AppStore|x86
		Debug|Any CPU = Debug|Any CPU
		Debug|ARM = Debug|ARM
		Debug|iPhone = Debug|iPhone
		Debug|iPhoneSimulator = Debug|iPhoneSimulator
		Debug|x64 = Debug|x64
		Debug|x86 = Debug|x86
		Release|Any CPU = Release|Any CPU
		Release|ARM = Release|ARM
		Release|iPhone = Release|iPhone
		Release|iPhoneSimulator = Release|iPhoneSimulator
		Release|x64 = Release|x64
		Release|x86 = Release|x86
	EndGlobalSection
	GlobalSection(ProjectConfigurationPlatforms) = postSolution
		{2EA1CD96-D175-4EC7-A72B-C324468082D9}.Ad-Hoc|Any CPU.ActiveCfg = Release|Any CPU
		{2EA1CD96-D175-4EC7-A72B-C324468082D9}.Ad-Hoc|Any CPU.Build.0 = Release|Any CPU
		{2EA1CD96-D175-4EC7-A72B-C324468082D9}.Ad-Hoc|Any CPU.Deploy.0 = Release|Any CPU
		{2EA1CD96-D175-4EC7-A72B-C324468082D9}.Ad-Hoc|ARM.ActiveCfg = Release|Any CPU
		{2EA1CD96-D175-4EC7-A72B-C324468082D9}.Ad-Hoc|ARM.Build.0 = Release|Any CPU
		{2EA1CD96-D175-4EC7-A72B-C324468082D9}.Ad-Hoc|ARM.Deploy.0 = Release|Any CPU
		{2EA1CD96-D175-4EC7-A72B-C324468082D9}.Ad-Hoc|iPhone.ActiveCfg = Release|Any CPU
		{2EA1CD96-D175-4EC7-A72B-C324468082D9}.Ad-Hoc|iPhone.Build.0 = Release|Any CPU
		{2EA1CD96-D175-4EC7-A72B-C324468082D9}.Ad-Hoc|iPhone.Deploy.0 = Release|Any CPU
		{2EA1CD96-D175-4EC7-A72B-C324468082D9}.Ad-Hoc|iPhoneSimulator.ActiveCfg = Release|Any CPU
		{2EA1CD96-D175-4EC7-A72B-C324468082D9}.Ad-Hoc|iPhoneSimulator.Build.0 = Release|Any CPU
		{2EA1CD96-D175-4EC7-A72B-C324468082D9}.Ad-Hoc|iPhoneSimulator.Deploy.0 = Release|Any CPU
		{2EA1CD96-D175-4EC7-A72B-C324468082D9}.Ad-Hoc|x64.ActiveCfg = Release|Any CPU
		{2EA1CD96-D175-4EC7-A72B-C324468082D9}.Ad-Hoc|x64.Build.0 = Release|Any CPU
		{2EA1CD96-D175-4EC7-A72B-C324468082D9}.Ad-Hoc|x64.Deploy.0 = Release|Any CPU
		{2EA1CD96-D175-4EC7-A72B-C324468082D9}.Ad-Hoc|x86.ActiveCfg = Release|Any CPU
		{2EA1CD96-D175-4EC7-A72B-C324468082D9}.Ad-Hoc|x86.Build.0 = Release|Any CPU
		{2EA1CD96-D175-4EC7-A72B-C324468082D9}.Ad-Hoc|x86.Deploy.0 = Release|Any CPU
		{2EA1CD96-D175-4EC7-A72B-C324468082D9}.AppStore|Any CPU.ActiveCfg = Release|Any CPU
		{2EA1CD96-D175-4EC7-A72B-C324468082D9}.AppStore|Any CPU.Build.0 = Release|Any CPU
		{2EA1CD96-D175-4EC7-A72B-C324468082D9}.AppStore|Any CPU.Deploy.0 = Release|Any CPU
		{2EA1CD96-D175-4EC7-A72B-C324468082D9}.AppStore|ARM.ActiveCfg = Release|Any CPU
		{2EA1CD96-D175-4EC7-A72B-C324468082D9}.AppStore|ARM.Build.0 = Release|Any CPU
		{2EA1CD96-D175-4EC7-A72B-C324468082D9}.AppStore|ARM.Deploy.0 = Release|Any CPU
		{2EA1CD96-D175-4EC7-A72B-C324468082D9}.AppStore|iPhone.ActiveCfg = Release|Any CPU
		{2EA1CD96-D175-4EC7-A72B-C324468082D9}.AppStore|iPhone.Build.0 = Release|Any CPU
		{2EA1CD96-D175-4EC7-A72B-C324468082D9}.AppStore|iPhone.Deploy.0 = Release|Any CPU
		{2EA1CD96-D175-4EC7-A72B-C324468082D9}.AppStore|iPhoneSimulator.ActiveCfg = Release|Any CPU
		{2EA1CD96-D175-4EC7-A72B-C324468082D9}.AppStore|iPhoneSimulator.Build.0 = Release|Any CPU
		{2EA1CD96-D175-4EC7-A72B-C324468082D9}.AppStore|iPhoneSimulator.Deploy.0 = Release|Any CPU
		{2EA1CD96-D175-4EC7-A72B-C324468082D9}.AppStore|x64.ActiveCfg = Release|Any CPU
		{2EA1CD96-D175-4EC7-A72B-C324468082D9}.AppStore|x64.Build.0 = Release|Any CPU
		{2EA1CD96-D175-4EC7-A72B-C324468082D9}.AppStore|x64.Deploy.0 = Release|Any CPU
		{2EA1CD96-D175-4EC7-A72B-C324468082D9}.AppStore|x86.ActiveCfg = Release|Any CPU
		{2EA1CD96-D175-4EC7-A72B-C324468082D9}.AppStore|x86.Build.0 = Release|Any CPU
		{2EA1CD96-D175-4EC7-A72B-C324468082D9}.AppStore|x86.Deploy.0 = Release|Any CPU
		{2EA1CD96-D175-4EC7-A72B-C324468082D9}.Debug|Any CPU.ActiveCfg = Debug|Any CPU
		{2EA1CD96-D175-4EC7-A72B-C324468082D9}.Debug|Any CPU.Build.0 = Debug|Any CPU
		{2EA1CD96-D175-4EC7-A72B-C324468082D9}.Debug|Any CPU.Deploy.0 = Debug|Any CPU
		{2EA1CD96-D175-4EC7-A72B-C324468082D9}.Debug|ARM.ActiveCfg = Debug|Any CPU
		{2EA1CD96-D175-4EC7-A72B-C324468082D9}.Debug|ARM.Build.0 = Debug|Any CPU
		{2EA1CD96-D175-4EC7-A72B-C324468082D9}.Debug|ARM.Deploy.0 = Debug|Any CPU
		{2EA1CD96-D175-4EC7-A72B-C324468082D9}.Debug|iPhone.ActiveCfg = Debug|Any CPU
		{2EA1CD96-D175-4EC7-A72B-C324468082D9}.Debug|iPhone.Build.0 = Debug|Any CPU
		{2EA1CD96-D175-4EC7-A72B-C324468082D9}.Debug|iPhone.Deploy.0 = Debug|Any CPU
		{2EA1CD96-D175-4EC7-A72B-C324468082D9}.Debug|iPhoneSimulator.ActiveCfg = Debug|Any CPU
		{2EA1CD96-D175-4EC7-A72B-C324468082D9}.Debug|iPhoneSimulator.Build.0 = Debug|Any CPU
		{2EA1CD96-D175-4EC7-A72B-C324468082D9}.Debug|iPhoneSimulator.Deploy.0 = Debug|Any CPU
		{2EA1CD96-D175-4EC7-A72B-C324468082D9}.Debug|x64.ActiveCfg = Debug|Any CPU
		{2EA1CD96-D175-4EC7-A72B-C324468082D9}.Debug|x64.Build.0 = Debug|Any CPU
		{2EA1CD96-D175-4EC7-A72B-C324468082D9}.Debug|x64.Deploy.0 = Debug|Any CPU
		{2EA1CD96-D175-4EC7-A72B-C324468082D9}.Debug|x86.ActiveCfg = Debug|Any CPU
		{2EA1CD96-D175-4EC7-A72B-C324468082D9}.Debug|x86.Build.0 = Debug|Any CPU
		{2EA1CD96-D175-4EC7-A72B-C324468082D9}.Debug|x86.Deploy.0 = Debug|Any CPU
		{2EA1CD96-D175-4EC7-A72B-C324468082D9}.Release|Any CPU.ActiveCfg = Release|Any CPU
		{2EA1CD96-D175-4EC7-A72B-C324468082D9}.Release|Any CPU.Build.0 = Release|Any CPU
		{2EA1CD96-D175-4EC7-A72B-C324468082D9}.Release|Any CPU.Deploy.0 = Release|Any CPU
		{2EA1CD96-D175-4EC7-A72B-C324468082D9}.Release|ARM.ActiveCfg = Release|Any CPU
		{2EA1CD96-D175-4EC7-A72B-C324468082D9}.Release|ARM.Build.0 = Release|Any CPU
		{2EA1CD96-D175-4EC7-A72B-C324468082D9}.Release|ARM.Deploy.0 = Release|Any CPU
		{2EA1CD96-D175-4EC7-A72B-C324468082D9}.Release|iPhone.ActiveCfg = Release|Any CPU
		{2EA1CD96-D175-4EC7-A72B-C324468082D9}.Release|iPhone.Build.0 = Release|Any CPU
		{2EA1CD96-D175-4EC7-A72B-C324468082D9}.Release|iPhone.Deploy.0 = Release|Any CPU
		{2EA1CD96-D175-4EC7-A72B-C324468082D9}.Release|iPhoneSimulator.ActiveCfg = Release|Any CPU
		{2EA1CD96-D175-4EC7-A72B-C324468082D9}.Release|iPhoneSimulator.Build.0 = Release|Any CPU
		{2EA1CD96-D175-4EC7-A72B-C324468082D9}.Release|iPhoneSimulator.Deploy.0 = Release|Any CPU
		{2EA1CD96-D175-4EC7-A72B-C324468082D9}.Release|x64.ActiveCfg = Release|Any CPU
		{2EA1CD96-D175-4EC7-A72B-C324468082D9}.Release|x64.Build.0 = Release|Any CPU
		{2EA1CD96-D175-4EC7-A72B-C324468082D9}.Release|x64.Deploy.0 = Release|Any CPU
		{2EA1CD96-D175-4EC7-A72B-C324468082D9}.Release|x86.ActiveCfg = Release|Any CPU
		{2EA1CD96-D175-4EC7-A72B-C324468082D9}.Release|x86.Build.0 = Release|Any CPU
		{2EA1CD96-D175-4EC7-A72B-C324468082D9}.Release|x86.Deploy.0 = Release|Any CPU
		{0D2C6401-5615-4938-8DFA-666B06625B13}.Ad-Hoc|Any CPU.ActiveCfg = Ad-Hoc|iPhone
		{0D2C6401-5615-4938-8DFA-666B06625B13}.Ad-Hoc|Any CPU.Build.0 = Ad-Hoc|iPhone
		{0D2C6401-5615-4938-8DFA-666B06625B13}.Ad-Hoc|Any CPU.Deploy.0 = Ad-Hoc|iPhone
		{0D2C6401-5615-4938-8DFA-666B06625B13}.Ad-Hoc|ARM.ActiveCfg = Ad-Hoc|iPhone
		{0D2C6401-5615-4938-8DFA-666B06625B13}.Ad-Hoc|ARM.Build.0 = Ad-Hoc|iPhone
		{0D2C6401-5615-4938-8DFA-666B06625B13}.Ad-Hoc|ARM.Deploy.0 = Ad-Hoc|iPhone
		{0D2C6401-5615-4938-8DFA-666B06625B13}.Ad-Hoc|iPhone.ActiveCfg = Ad-Hoc|iPhone
		{0D2C6401-5615-4938-8DFA-666B06625B13}.Ad-Hoc|iPhone.Build.0 = Ad-Hoc|iPhone
		{0D2C6401-5615-4938-8DFA-666B06625B13}.Ad-Hoc|iPhone.Deploy.0 = Ad-Hoc|iPhone
		{0D2C6401-5615-4938-8DFA-666B06625B13}.Ad-Hoc|iPhoneSimulator.ActiveCfg = Ad-Hoc|iPhoneSimulator
		{0D2C6401-5615-4938-8DFA-666B06625B13}.Ad-Hoc|iPhoneSimulator.Build.0 = Ad-Hoc|iPhoneSimulator
		{0D2C6401-5615-4938-8DFA-666B06625B13}.Ad-Hoc|iPhoneSimulator.Deploy.0 = Ad-Hoc|iPhoneSimulator
		{0D2C6401-5615-4938-8DFA-666B06625B13}.Ad-Hoc|x64.ActiveCfg = Ad-Hoc|iPhone
		{0D2C6401-5615-4938-8DFA-666B06625B13}.Ad-Hoc|x64.Build.0 = Ad-Hoc|iPhone
		{0D2C6401-5615-4938-8DFA-666B06625B13}.Ad-Hoc|x64.Deploy.0 = Ad-Hoc|iPhone
		{0D2C6401-5615-4938-8DFA-666B06625B13}.Ad-Hoc|x86.ActiveCfg = Ad-Hoc|iPhone
		{0D2C6401-5615-4938-8DFA-666B06625B13}.Ad-Hoc|x86.Build.0 = Ad-Hoc|iPhone
		{0D2C6401-5615-4938-8DFA-666B06625B13}.Ad-Hoc|x86.Deploy.0 = Ad-Hoc|iPhone
		{0D2C6401-5615-4938-8DFA-666B06625B13}.AppStore|Any CPU.ActiveCfg = AppStore|iPhone
		{0D2C6401-5615-4938-8DFA-666B06625B13}.AppStore|Any CPU.Build.0 = AppStore|iPhone
		{0D2C6401-5615-4938-8DFA-666B06625B13}.AppStore|Any CPU.Deploy.0 = AppStore|iPhone
		{0D2C6401-5615-4938-8DFA-666B06625B13}.AppStore|ARM.ActiveCfg = AppStore|iPhone
		{0D2C6401-5615-4938-8DFA-666B06625B13}.AppStore|ARM.Build.0 = AppStore|iPhone
		{0D2C6401-5615-4938-8DFA-666B06625B13}.AppStore|ARM.Deploy.0 = AppStore|iPhone
		{0D2C6401-5615-4938-8DFA-666B06625B13}.AppStore|iPhone.ActiveCfg = AppStore|iPhone
		{0D2C6401-5615-4938-8DFA-666B06625B13}.AppStore|iPhone.Build.0 = AppStore|iPhone
		{0D2C6401-5615-4938-8DFA-666B06625B13}.AppStore|iPhone.Deploy.0 = AppStore|iPhone
		{0D2C6401-5615-4938-8DFA-666B06625B13}.AppStore|iPhoneSimulator.ActiveCfg = AppStore|iPhoneSimulator
		{0D2C6401-5615-4938-8DFA-666B06625B13}.AppStore|iPhoneSimulator.Build.0 = AppStore|iPhoneSimulator
		{0D2C6401-5615-4938-8DFA-666B06625B13}.AppStore|iPhoneSimulator.Deploy.0 = AppStore|iPhoneSimulator
		{0D2C6401-5615-4938-8DFA-666B06625B13}.AppStore|x64.ActiveCfg = AppStore|iPhone
		{0D2C6401-5615-4938-8DFA-666B06625B13}.AppStore|x64.Build.0 = AppStore|iPhone
		{0D2C6401-5615-4938-8DFA-666B06625B13}.AppStore|x64.Deploy.0 = AppStore|iPhone
		{0D2C6401-5615-4938-8DFA-666B06625B13}.AppStore|x86.ActiveCfg = AppStore|iPhone
		{0D2C6401-5615-4938-8DFA-666B06625B13}.AppStore|x86.Build.0 = AppStore|iPhone
		{0D2C6401-5615-4938-8DFA-666B06625B13}.AppStore|x86.Deploy.0 = AppStore|iPhone
		{0D2C6401-5615-4938-8DFA-666B06625B13}.Debug|Any CPU.ActiveCfg = Debug|iPhoneSimulator
		{0D2C6401-5615-4938-8DFA-666B06625B13}.Debug|Any CPU.Build.0 = Debug|iPhoneSimulator
		{0D2C6401-5615-4938-8DFA-666B06625B13}.Debug|Any CPU.Deploy.0 = Debug|iPhoneSimulator
		{0D2C6401-5615-4938-8DFA-666B06625B13}.Debug|ARM.ActiveCfg = Debug|iPhone
		{0D2C6401-5615-4938-8DFA-666B06625B13}.Debug|ARM.Build.0 = Debug|iPhone
		{0D2C6401-5615-4938-8DFA-666B06625B13}.Debug|ARM.Deploy.0 = Debug|iPhone
		{0D2C6401-5615-4938-8DFA-666B06625B13}.Debug|iPhone.ActiveCfg = Debug|iPhone
		{0D2C6401-5615-4938-8DFA-666B06625B13}.Debug|iPhone.Build.0 = Debug|iPhone
		{0D2C6401-5615-4938-8DFA-666B06625B13}.Debug|iPhone.Deploy.0 = Debug|iPhone
		{0D2C6401-5615-4938-8DFA-666B06625B13}.Debug|iPhoneSimulator.ActiveCfg = Debug|iPhoneSimulator
		{0D2C6401-5615-4938-8DFA-666B06625B13}.Debug|iPhoneSimulator.Build.0 = Debug|iPhoneSimulator
		{0D2C6401-5615-4938-8DFA-666B06625B13}.Debug|iPhoneSimulator.Deploy.0 = Debug|iPhoneSimulator
		{0D2C6401-5615-4938-8DFA-666B06625B13}.Debug|x64.ActiveCfg = Debug|iPhone
		{0D2C6401-5615-4938-8DFA-666B06625B13}.Debug|x64.Build.0 = Debug|iPhone
		{0D2C6401-5615-4938-8DFA-666B06625B13}.Debug|x64.Deploy.0 = Debug|iPhone
		{0D2C6401-5615-4938-8DFA-666B06625B13}.Debug|x86.ActiveCfg = Debug|iPhone
		{0D2C6401-5615-4938-8DFA-666B06625B13}.Debug|x86.Build.0 = Debug|iPhone
		{0D2C6401-5615-4938-8DFA-666B06625B13}.Debug|x86.Deploy.0 = Debug|iPhone
		{0D2C6401-5615-4938-8DFA-666B06625B13}.Release|Any CPU.ActiveCfg = Release|iPhone
		{0D2C6401-5615-4938-8DFA-666B06625B13}.Release|Any CPU.Build.0 = Release|iPhone
		{0D2C6401-5615-4938-8DFA-666B06625B13}.Release|Any CPU.Deploy.0 = Release|iPhone
		{0D2C6401-5615-4938-8DFA-666B06625B13}.Release|ARM.ActiveCfg = Release|iPhone
		{0D2C6401-5615-4938-8DFA-666B06625B13}.Release|ARM.Build.0 = Release|iPhone
		{0D2C6401-5615-4938-8DFA-666B06625B13}.Release|ARM.Deploy.0 = Release|iPhone
		{0D2C6401-5615-4938-8DFA-666B06625B13}.Release|iPhone.ActiveCfg = Release|iPhone
		{0D2C6401-5615-4938-8DFA-666B06625B13}.Release|iPhone.Build.0 = Release|iPhone
		{0D2C6401-5615-4938-8DFA-666B06625B13}.Release|iPhone.Deploy.0 = Release|iPhone
		{0D2C6401-5615-4938-8DFA-666B06625B13}.Release|iPhoneSimulator.ActiveCfg = Release|iPhoneSimulator
		{0D2C6401-5615-4938-8DFA-666B06625B13}.Release|iPhoneSimulator.Build.0 = Release|iPhoneSimulator
		{0D2C6401-5615-4938-8DFA-666B06625B13}.Release|iPhoneSimulator.Deploy.0 = Release|iPhoneSimulator
		{0D2C6401-5615-4938-8DFA-666B06625B13}.Release|x64.ActiveCfg = Release|iPhone
		{0D2C6401-5615-4938-8DFA-666B06625B13}.Release|x64.Build.0 = Release|iPhone
		{0D2C6401-5615-4938-8DFA-666B06625B13}.Release|x64.Deploy.0 = Release|iPhone
		{0D2C6401-5615-4938-8DFA-666B06625B13}.Release|x86.ActiveCfg = Release|iPhone
		{0D2C6401-5615-4938-8DFA-666B06625B13}.Release|x86.Build.0 = Release|iPhone
		{0D2C6401-5615-4938-8DFA-666B06625B13}.Release|x86.Deploy.0 = Release|iPhone
		{59ACD878-5A51-4947-A0BB-77C9E5083DC0}.Ad-Hoc|Any CPU.ActiveCfg = Release|x86
		{59ACD878-5A51-4947-A0BB-77C9E5083DC0}.Ad-Hoc|Any CPU.Build.0 = Release|x86
		{59ACD878-5A51-4947-A0BB-77C9E5083DC0}.Ad-Hoc|Any CPU.Deploy.0 = Release|x86
		{59ACD878-5A51-4947-A0BB-77C9E5083DC0}.Ad-Hoc|ARM.ActiveCfg = Release|ARM
		{59ACD878-5A51-4947-A0BB-77C9E5083DC0}.Ad-Hoc|ARM.Build.0 = Release|ARM
		{59ACD878-5A51-4947-A0BB-77C9E5083DC0}.Ad-Hoc|ARM.Deploy.0 = Release|ARM
		{59ACD878-5A51-4947-A0BB-77C9E5083DC0}.Ad-Hoc|iPhone.ActiveCfg = Release|x86
		{59ACD878-5A51-4947-A0BB-77C9E5083DC0}.Ad-Hoc|iPhone.Build.0 = Release|x86
		{59ACD878-5A51-4947-A0BB-77C9E5083DC0}.Ad-Hoc|iPhone.Deploy.0 = Release|x86
		{59ACD878-5A51-4947-A0BB-77C9E5083DC0}.Ad-Hoc|iPhoneSimulator.ActiveCfg = Release|x86
		{59ACD878-5A51-4947-A0BB-77C9E5083DC0}.Ad-Hoc|iPhoneSimulator.Build.0 = Release|x86
		{59ACD878-5A51-4947-A0BB-77C9E5083DC0}.Ad-Hoc|iPhoneSimulator.Deploy.0 = Release|x86
		{59ACD878-5A51-4947-A0BB-77C9E5083DC0}.Ad-Hoc|x64.ActiveCfg = Release|x64
		{59ACD878-5A51-4947-A0BB-77C9E5083DC0}.Ad-Hoc|x64.Build.0 = Release|x64
		{59ACD878-5A51-4947-A0BB-77C9E5083DC0}.Ad-Hoc|x64.Deploy.0 = Release|x64
		{59ACD878-5A51-4947-A0BB-77C9E5083DC0}.Ad-Hoc|x86.ActiveCfg = Release|x86
		{59ACD878-5A51-4947-A0BB-77C9E5083DC0}.Ad-Hoc|x86.Build.0 = Release|x86
		{59ACD878-5A51-4947-A0BB-77C9E5083DC0}.Ad-Hoc|x86.Deploy.0 = Release|x86
		{59ACD878-5A51-4947-A0BB-77C9E5083DC0}.AppStore|Any CPU.ActiveCfg = Release|x86
		{59ACD878-5A51-4947-A0BB-77C9E5083DC0}.AppStore|Any CPU.Build.0 = Release|x86
		{59ACD878-5A51-4947-A0BB-77C9E5083DC0}.AppStore|Any CPU.Deploy.0 = Release|x86
		{59ACD878-5A51-4947-A0BB-77C9E5083DC0}.AppStore|ARM.ActiveCfg = Release|ARM
		{59ACD878-5A51-4947-A0BB-77C9E5083DC0}.AppStore|ARM.Build.0 = Release|ARM
		{59ACD878-5A51-4947-A0BB-77C9E5083DC0}.AppStore|ARM.Deploy.0 = Release|ARM
		{59ACD878-5A51-4947-A0BB-77C9E5083DC0}.AppStore|iPhone.ActiveCfg = Release|x86
		{59ACD878-5A51-4947-A0BB-77C9E5083DC0}.AppStore|iPhone.Build.0 = Release|x86
		{59ACD878-5A51-4947-A0BB-77C9E5083DC0}.AppStore|iPhone.Deploy.0 = Release|x86
		{59ACD878-5A51-4947-A0BB-77C9E5083DC0}.AppStore|iPhoneSimulator.ActiveCfg = Release|x86
		{59ACD878-5A51-4947-A0BB-77C9E5083DC0}.AppStore|iPhoneSimulator.Build.0 = Release|x86
		{59ACD878-5A51-4947-A0BB-77C9E5083DC0}.AppStore|iPhoneSimulator.Deploy.0 = Release|x86
		{59ACD878-5A51-4947-A0BB-77C9E5083DC0}.AppStore|x64.ActiveCfg = Release|x64
		{59ACD878-5A51-4947-A0BB-77C9E5083DC0}.AppStore|x64.Build.0 = Release|x64
		{59ACD878-5A51-4947-A0BB-77C9E5083DC0}.AppStore|x64.Deploy.0 = Release|x64
		{59ACD878-5A51-4947-A0BB-77C9E5083DC0}.AppStore|x86.ActiveCfg = Release|x86
		{59ACD878-5A51-4947-A0BB-77C9E5083DC0}.AppStore|x86.Build.0 = Release|x86
		{59ACD878-5A51-4947-A0BB-77C9E5083DC0}.AppStore|x86.Deploy.0 = Release|x86
		{59ACD878-5A51-4947-A0BB-77C9E5083DC0}.Debug|Any CPU.ActiveCfg = Debug|x86
		{59ACD878-5A51-4947-A0BB-77C9E5083DC0}.Debug|Any CPU.Build.0 = Debug|x86
		{59ACD878-5A51-4947-A0BB-77C9E5083DC0}.Debug|Any CPU.Deploy.0 = Debug|x86
		{59ACD878-5A51-4947-A0BB-77C9E5083DC0}.Debug|ARM.ActiveCfg = Debug|ARM
		{59ACD878-5A51-4947-A0BB-77C9E5083DC0}.Debug|ARM.Build.0 = Debug|ARM
		{59ACD878-5A51-4947-A0BB-77C9E5083DC0}.Debug|ARM.Deploy.0 = Debug|ARM
		{59ACD878-5A51-4947-A0BB-77C9E5083DC0}.Debug|iPhone.ActiveCfg = Debug|x86
		{59ACD878-5A51-4947-A0BB-77C9E5083DC0}.Debug|iPhone.Build.0 = Debug|x86
		{59ACD878-5A51-4947-A0BB-77C9E5083DC0}.Debug|iPhone.Deploy.0 = Debug|x86
		{59ACD878-5A51-4947-A0BB-77C9E5083DC0}.Debug|iPhoneSimulator.ActiveCfg = Debug|x86
		{59ACD878-5A51-4947-A0BB-77C9E5083DC0}.Debug|iPhoneSimulator.Build.0 = Debug|x86
		{59ACD878-5A51-4947-A0BB-77C9E5083DC0}.Debug|iPhoneSimulator.Deploy.0 = Debug|x86
		{59ACD878-5A51-4947-A0BB-77C9E5083DC0}.Debug|x64.ActiveCfg = Debug|x64
		{59ACD878-5A51-4947-A0BB-77C9E5083DC0}.Debug|x64.Build.0 = Debug|x64
		{59ACD878-5A51-4947-A0BB-77C9E5083DC0}.Debug|x64.Deploy.0 = Debug|x64
		{59ACD878-5A51-4947-A0BB-77C9E5083DC0}.Debug|x86.ActiveCfg = Debug|x86
		{59ACD878-5A51-4947-A0BB-77C9E5083DC0}.Debug|x86.Build.0 = Debug|x86
		{59ACD878-5A51-4947-A0BB-77C9E5083DC0}.Debug|x86.Deploy.0 = Debug|x86
		{59ACD878-5A51-4947-A0BB-77C9E5083DC0}.Release|Any CPU.ActiveCfg = Release|x86
		{59ACD878-5A51-4947-A0BB-77C9E5083DC0}.Release|Any CPU.Build.0 = Release|x86
		{59ACD878-5A51-4947-A0BB-77C9E5083DC0}.Release|Any CPU.Deploy.0 = Release|x86
		{59ACD878-5A51-4947-A0BB-77C9E5083DC0}.Release|ARM.ActiveCfg = Release|ARM
		{59ACD878-5A51-4947-A0BB-77C9E5083DC0}.Release|ARM.Build.0 = Release|ARM
		{59ACD878-5A51-4947-A0BB-77C9E5083DC0}.Release|ARM.Deploy.0 = Release|ARM
		{59ACD878-5A51-4947-A0BB-77C9E5083DC0}.Release|iPhone.ActiveCfg = Release|x86
		{59ACD878-5A51-4947-A0BB-77C9E5083DC0}.Release|iPhone.Build.0 = Release|x86
		{59ACD878-5A51-4947-A0BB-77C9E5083DC0}.Release|iPhone.Deploy.0 = Release|x86
		{59ACD878-5A51-4947-A0BB-77C9E5083DC0}.Release|iPhoneSimulator.ActiveCfg = Release|x86
		{59ACD878-5A51-4947-A0BB-77C9E5083DC0}.Release|iPhoneSimulator.Build.0 = Release|x86
		{59ACD878-5A51-4947-A0BB-77C9E5083DC0}.Release|iPhoneSimulator.Deploy.0 = Release|x86
		{59ACD878-5A51-4947-A0BB-77C9E5083DC0}.Release|x64.ActiveCfg = Release|x64
		{59ACD878-5A51-4947-A0BB-77C9E5083DC0}.Release|x64.Build.0 = Release|x64
		{59ACD878-5A51-4947-A0BB-77C9E5083DC0}.Release|x64.Deploy.0 = Release|x64
		{59ACD878-5A51-4947-A0BB-77C9E5083DC0}.Release|x86.ActiveCfg = Release|x86
		{59ACD878-5A51-4947-A0BB-77C9E5083DC0}.Release|x86.Build.0 = Release|x86
		{59ACD878-5A51-4947-A0BB-77C9E5083DC0}.Release|x86.Deploy.0 = Release|x86
		{9BA807F1-FFE4-478E-B64D-7DFADB729D1C}.Ad-Hoc|Any CPU.ActiveCfg = Debug|Any CPU
		{9BA807F1-FFE4-478E-B64D-7DFADB729D1C}.Ad-Hoc|Any CPU.Build.0 = Debug|Any CPU
		{9BA807F1-FFE4-478E-B64D-7DFADB729D1C}.Ad-Hoc|Any CPU.Deploy.0 = Debug|Any CPU
		{9BA807F1-FFE4-478E-B64D-7DFADB729D1C}.Ad-Hoc|ARM.ActiveCfg = Debug|Any CPU
		{9BA807F1-FFE4-478E-B64D-7DFADB729D1C}.Ad-Hoc|ARM.Build.0 = Debug|Any CPU
		{9BA807F1-FFE4-478E-B64D-7DFADB729D1C}.Ad-Hoc|ARM.Deploy.0 = Debug|Any CPU
		{9BA807F1-FFE4-478E-B64D-7DFADB729D1C}.Ad-Hoc|iPhone.ActiveCfg = Debug|Any CPU
		{9BA807F1-FFE4-478E-B64D-7DFADB729D1C}.Ad-Hoc|iPhone.Build.0 = Debug|Any CPU
		{9BA807F1-FFE4-478E-B64D-7DFADB729D1C}.Ad-Hoc|iPhone.Deploy.0 = Debug|Any CPU
		{9BA807F1-FFE4-478E-B64D-7DFADB729D1C}.Ad-Hoc|iPhoneSimulator.ActiveCfg = Debug|Any CPU
		{9BA807F1-FFE4-478E-B64D-7DFADB729D1C}.Ad-Hoc|iPhoneSimulator.Build.0 = Debug|Any CPU
		{9BA807F1-FFE4-478E-B64D-7DFADB729D1C}.Ad-Hoc|iPhoneSimulator.Deploy.0 = Debug|Any CPU
		{9BA807F1-FFE4-478E-B64D-7DFADB729D1C}.Ad-Hoc|x64.ActiveCfg = Debug|Any CPU
		{9BA807F1-FFE4-478E-B64D-7DFADB729D1C}.Ad-Hoc|x64.Build.0 = Debug|Any CPU
		{9BA807F1-FFE4-478E-B64D-7DFADB729D1C}.Ad-Hoc|x64.Deploy.0 = Debug|Any CPU
		{9BA807F1-FFE4-478E-B64D-7DFADB729D1C}.Ad-Hoc|x86.ActiveCfg = Debug|Any CPU
		{9BA807F1-FFE4-478E-B64D-7DFADB729D1C}.Ad-Hoc|x86.Build.0 = Debug|Any CPU
		{9BA807F1-FFE4-478E-B64D-7DFADB729D1C}.Ad-Hoc|x86.Deploy.0 = Debug|Any CPU
		{9BA807F1-FFE4-478E-B64D-7DFADB729D1C}.AppStore|Any CPU.ActiveCfg = Debug|Any CPU
		{9BA807F1-FFE4-478E-B64D-7DFADB729D1C}.AppStore|Any CPU.Build.0 = Debug|Any CPU
		{9BA807F1-FFE4-478E-B64D-7DFADB729D1C}.AppStore|Any CPU.Deploy.0 = Debug|Any CPU
		{9BA807F1-FFE4-478E-B64D-7DFADB729D1C}.AppStore|ARM.ActiveCfg = Debug|Any CPU
		{9BA807F1-FFE4-478E-B64D-7DFADB729D1C}.AppStore|ARM.Build.0 = Debug|Any CPU
		{9BA807F1-FFE4-478E-B64D-7DFADB729D1C}.AppStore|ARM.Deploy.0 = Debug|Any CPU
		{9BA807F1-FFE4-478E-B64D-7DFADB729D1C}.AppStore|iPhone.ActiveCfg = Debug|Any CPU
		{9BA807F1-FFE4-478E-B64D-7DFADB729D1C}.AppStore|iPhone.Build.0 = Debug|Any CPU
		{9BA807F1-FFE4-478E-B64D-7DFADB729D1C}.AppStore|iPhone.Deploy.0 = Debug|Any CPU
		{9BA807F1-FFE4-478E-B64D-7DFADB729D1C}.AppStore|iPhoneSimulator.ActiveCfg = Debug|Any CPU
		{9BA807F1-FFE4-478E-B64D-7DFADB729D1C}.AppStore|iPhoneSimulator.Build.0 = Debug|Any CPU
		{9BA807F1-FFE4-478E-B64D-7DFADB729D1C}.AppStore|iPhoneSimulator.Deploy.0 = Debug|Any CPU
		{9BA807F1-FFE4-478E-B64D-7DFADB729D1C}.AppStore|x64.ActiveCfg = Debug|Any CPU
		{9BA807F1-FFE4-478E-B64D-7DFADB729D1C}.AppStore|x64.Build.0 = Debug|Any CPU
		{9BA807F1-FFE4-478E-B64D-7DFADB729D1C}.AppStore|x64.Deploy.0 = Debug|Any CPU
		{9BA807F1-FFE4-478E-B64D-7DFADB729D1C}.AppStore|x86.ActiveCfg = Debug|Any CPU
		{9BA807F1-FFE4-478E-B64D-7DFADB729D1C}.AppStore|x86.Build.0 = Debug|Any CPU
		{9BA807F1-FFE4-478E-B64D-7DFADB729D1C}.AppStore|x86.Deploy.0 = Debug|Any CPU
		{9BA807F1-FFE4-478E-B64D-7DFADB729D1C}.Debug|Any CPU.ActiveCfg = Debug|Any CPU
		{9BA807F1-FFE4-478E-B64D-7DFADB729D1C}.Debug|Any CPU.Build.0 = Debug|Any CPU
		{9BA807F1-FFE4-478E-B64D-7DFADB729D1C}.Debug|Any CPU.Deploy.0 = Debug|Any CPU
		{9BA807F1-FFE4-478E-B64D-7DFADB729D1C}.Debug|ARM.ActiveCfg = Debug|Any CPU
		{9BA807F1-FFE4-478E-B64D-7DFADB729D1C}.Debug|ARM.Build.0 = Debug|Any CPU
		{9BA807F1-FFE4-478E-B64D-7DFADB729D1C}.Debug|ARM.Deploy.0 = Debug|Any CPU
		{9BA807F1-FFE4-478E-B64D-7DFADB729D1C}.Debug|iPhone.ActiveCfg = Debug|Any CPU
		{9BA807F1-FFE4-478E-B64D-7DFADB729D1C}.Debug|iPhone.Build.0 = Debug|Any CPU
		{9BA807F1-FFE4-478E-B64D-7DFADB729D1C}.Debug|iPhone.Deploy.0 = Debug|Any CPU
		{9BA807F1-FFE4-478E-B64D-7DFADB729D1C}.Debug|iPhoneSimulator.ActiveCfg = Debug|Any CPU
		{9BA807F1-FFE4-478E-B64D-7DFADB729D1C}.Debug|iPhoneSimulator.Build.0 = Debug|Any CPU
		{9BA807F1-FFE4-478E-B64D-7DFADB729D1C}.Debug|iPhoneSimulator.Deploy.0 = Debug|Any CPU
		{9BA807F1-FFE4-478E-B64D-7DFADB729D1C}.Debug|x64.ActiveCfg = Debug|Any CPU
		{9BA807F1-FFE4-478E-B64D-7DFADB729D1C}.Debug|x64.Build.0 = Debug|Any CPU
		{9BA807F1-FFE4-478E-B64D-7DFADB729D1C}.Debug|x64.Deploy.0 = Debug|Any CPU
		{9BA807F1-FFE4-478E-B64D-7DFADB729D1C}.Debug|x86.ActiveCfg = Debug|Any CPU
		{9BA807F1-FFE4-478E-B64D-7DFADB729D1C}.Debug|x86.Build.0 = Debug|Any CPU
		{9BA807F1-FFE4-478E-B64D-7DFADB729D1C}.Debug|x86.Deploy.0 = Debug|Any CPU
		{9BA807F1-FFE4-478E-B64D-7DFADB729D1C}.Release|Any CPU.ActiveCfg = Release|Any CPU
		{9BA807F1-FFE4-478E-B64D-7DFADB729D1C}.Release|Any CPU.Build.0 = Release|Any CPU
		{9BA807F1-FFE4-478E-B64D-7DFADB729D1C}.Release|Any CPU.Deploy.0 = Release|Any CPU
		{9BA807F1-FFE4-478E-B64D-7DFADB729D1C}.Release|ARM.ActiveCfg = Release|Any CPU
		{9BA807F1-FFE4-478E-B64D-7DFADB729D1C}.Release|ARM.Build.0 = Release|Any CPU
		{9BA807F1-FFE4-478E-B64D-7DFADB729D1C}.Release|ARM.Deploy.0 = Release|Any CPU
		{9BA807F1-FFE4-478E-B64D-7DFADB729D1C}.Release|iPhone.ActiveCfg = Release|Any CPU
		{9BA807F1-FFE4-478E-B64D-7DFADB729D1C}.Release|iPhone.Build.0 = Release|Any CPU
		{9BA807F1-FFE4-478E-B64D-7DFADB729D1C}.Release|iPhone.Deploy.0 = Release|Any CPU
		{9BA807F1-FFE4-478E-B64D-7DFADB729D1C}.Release|iPhoneSimulator.ActiveCfg = Release|Any CPU
		{9BA807F1-FFE4-478E-B64D-7DFADB729D1C}.Release|iPhoneSimulator.Build.0 = Release|Any CPU
		{9BA807F1-FFE4-478E-B64D-7DFADB729D1C}.Release|iPhoneSimulator.Deploy.0 = Release|Any CPU
		{9BA807F1-FFE4-478E-B64D-7DFADB729D1C}.Release|x64.ActiveCfg = Release|Any CPU
		{9BA807F1-FFE4-478E-B64D-7DFADB729D1C}.Release|x64.Build.0 = Release|Any CPU
		{9BA807F1-FFE4-478E-B64D-7DFADB729D1C}.Release|x64.Deploy.0 = Release|Any CPU
		{9BA807F1-FFE4-478E-B64D-7DFADB729D1C}.Release|x86.ActiveCfg = Release|Any CPU
		{9BA807F1-FFE4-478E-B64D-7DFADB729D1C}.Release|x86.Build.0 = Release|Any CPU
		{9BA807F1-FFE4-478E-B64D-7DFADB729D1C}.Release|x86.Deploy.0 = Release|Any CPU
	EndGlobalSection
	GlobalSection(SolutionProperties) = preSolution
		HideSolutionNode = FALSE
	EndGlobalSection
	GlobalSection(ExtensibilityGlobals) = postSolution
		SolutionGuid = {0D567601-B178-48A0-8089-D0002633CAE5}
	EndGlobalSection
EndGlobal
